// !$*UTF8*$!
{
	archiveVersion = 1;
	classes = {
	};
	objectVersion = 46;
	objects = {

/* Begin PBXBuildFile section */
		54FDCC481F6FA26F00FCAE49 /* AppDelegate.swift in Sources */ = {isa = PBXBuildFile; fileRef = 54FDCC471F6FA26F00FCAE49 /* AppDelegate.swift */; };
		54FDCC4A1F6FA26F00FCAE49 /* ViewController.swift in Sources */ = {isa = PBXBuildFile; fileRef = 54FDCC491F6FA26F00FCAE49 /* ViewController.swift */; };
		54FDCC4D1F6FA26F00FCAE49 /* Main.storyboard in Resources */ = {isa = PBXBuildFile; fileRef = 54FDCC4B1F6FA26F00FCAE49 /* Main.storyboard */; };
		54FDCC4F1F6FA26F00FCAE49 /* Assets.xcassets in Resources */ = {isa = PBXBuildFile; fileRef = 54FDCC4E1F6FA26F00FCAE49 /* Assets.xcassets */; };
		54FDCC521F6FA26F00FCAE49 /* LaunchScreen.storyboard in Resources */ = {isa = PBXBuildFile; fileRef = 54FDCC501F6FA26F00FCAE49 /* LaunchScreen.storyboard */; };
		54FDCC5A1F6FA2A400FCAE49 /* SYPolyponButton.swift in Sources */ = {isa = PBXBuildFile; fileRef = 54FDCC591F6FA2A400FCAE49 /* SYPolyponButton.swift */; };
		54FDCC5E1F6FA6F000FCAE49 /* zhbd_qq_icon.png in Resources */ = {isa = PBXBuildFile; fileRef = 54FDCC5B1F6FA6F000FCAE49 /* zhbd_qq_icon.png */; };
		54FDCC5F1F6FA6F000FCAE49 /* zhbd_weibo_icon.png in Resources */ = {isa = PBXBuildFile; fileRef = 54FDCC5C1F6FA6F000FCAE49 /* zhbd_weibo_icon.png */; };
		54FDCC601F6FA6F000FCAE49 /* zhbd_weixin_icon.png in Resources */ = {isa = PBXBuildFile; fileRef = 54FDCC5D1F6FA6F000FCAE49 /* zhbd_weixin_icon.png */; };
/* End PBXBuildFile section */

/* Begin PBXFileReference section */
		54FDCC441F6FA26F00FCAE49 /* SYPolygonButton.app */ = {isa = PBXFileReference; explicitFileType = wrapper.application; includeInIndex = 0; path = SYPolygonButton.app; sourceTree = BUILT_PRODUCTS_DIR; };
		54FDCC471F6FA26F00FCAE49 /* AppDelegate.swift */ = {isa = PBXFileReference; lastKnownFileType = sourcecode.swift; path = AppDelegate.swift; sourceTree = "<group>"; };
		54FDCC491F6FA26F00FCAE49 /* ViewController.swift */ = {isa = PBXFileReference; lastKnownFileType = sourcecode.swift; path = ViewController.swift; sourceTree = "<group>"; };
		54FDCC4C1F6FA26F00FCAE49 /* Base */ = {isa = PBXFileReference; lastKnownFileType = file.storyboard; name = Base; path = Base.lproj/Main.storyboard; sourceTree = "<group>"; };
		54FDCC4E1F6FA26F00FCAE49 /* Assets.xcassets */ = {isa = PBXFileReference; lastKnownFileType = folder.assetcatalog; path = Assets.xcassets; sourceTree = "<group>"; };
		54FDCC511F6FA26F00FCAE49 /* Base */ = {isa = PBXFileReference; lastKnownFileType = file.storyboard; name = Base; path = Base.lproj/LaunchScreen.storyboard; sourceTree = "<group>"; };
		54FDCC531F6FA26F00FCAE49 /* Info.plist */ = {isa = PBXFileReference; lastKnownFileType = text.plist.xml; path = Info.plist; sourceTree = "<group>"; };
		54FDCC591F6FA2A400FCAE49 /* SYPolyponButton.swift */ = {isa = PBXFileReference; fileEncoding = 4; lastKnownFileType = sourcecode.swift; path = SYPolyponButton.swift; sourceTree = "<group>"; };
		54FDCC5B1F6FA6F000FCAE49 /* zhbd_qq_icon.png */ = {isa = PBXFileReference; lastKnownFileType = image.png; path = zhbd_qq_icon.png; sourceTree = "<group>"; };
		54FDCC5C1F6FA6F000FCAE49 /* zhbd_weibo_icon.png */ = {isa = PBXFileReference; lastKnownFileType = image.png; path = zhbd_weibo_icon.png; sourceTree = "<group>"; };
		54FDCC5D1F6FA6F000FCAE49 /* zhbd_weixin_icon.png */ = {isa = PBXFileReference; lastKnownFileType = image.png; path = zhbd_weixin_icon.png; sourceTree = "<group>"; };
/* End PBXFileReference section */

/* Begin PBXFrameworksBuildPhase section */
		54FDCC411F6FA26F00FCAE49 /* Frameworks */ = {
			isa = PBXFrameworksBuildPhase;
			buildActionMask = 2147483647;
			files = (
			);
			runOnlyForDeploymentPostprocessing = 0;
		};
/* End PBXFrameworksBuildPhase section */

/* Begin PBXGroup section */
		54FDCC3B1F6FA26F00FCAE49 = {
			isa = PBXGroup;
			children = (
				54FDCC461F6FA26F00FCAE49 /* SYPolygonButton */,
				54FDCC451F6FA26F00FCAE49 /* Products */,
			);
			sourceTree = "<group>";
		};
		54FDCC451F6FA26F00FCAE49 /* Products */ = {
			isa = PBXGroup;
			children = (
				54FDCC441F6FA26F00FCAE49 /* SYPolygonButton.app */,
			);
			name = Products;
			sourceTree = "<group>";
		};
		54FDCC461F6FA26F00FCAE49 /* SYPolygonButton */ = {
			isa = PBXGroup;
			children = (
				54FDCC471F6FA26F00FCAE49 /* AppDelegate.swift */,
				54FDCC491F6FA26F00FCAE49 /* ViewController.swift */,
				54FDCC591F6FA2A400FCAE49 /* SYPolyponButton.swift */,
				54FDCC4B1F6FA26F00FCAE49 /* Main.storyboard */,
				54FDCC5B1F6FA6F000FCAE49 /* zhbd_qq_icon.png */,
				54FDCC5C1F6FA6F000FCAE49 /* zhbd_weibo_icon.png */,
				54FDCC5D1F6FA6F000FCAE49 /* zhbd_weixin_icon.png */,
				54FDCC4E1F6FA26F00FCAE49 /* Assets.xcassets */,
				54FDCC501F6FA26F00FCAE49 /* LaunchScreen.storyboard */,
				54FDCC531F6FA26F00FCAE49 /* Info.plist */,
			);
			path = SYPolygonButton;
			sourceTree = "<group>";
		};
/* End PBXGroup section */

/* Begin PBXNativeTarget section */
		54FDCC431F6FA26F00FCAE49 /* SYPolygonButton */ = {
			isa = PBXNativeTarget;
			buildConfigurationList = 54FDCC561F6FA26F00FCAE49 /* Build configuration list for PBXNativeTarget "SYPolygonButton" */;
			buildPhases = (
				54FDCC401F6FA26F00FCAE49 /* Sources */,
				54FDCC411F6FA26F00FCAE49 /* Frameworks */,
				54FDCC421F6FA26F00FCAE49 /* Resources */,
			);
			buildRules = (
			);
			dependencies = (
			);
			name = SYPolygonButton;
			productName = SYPolygonButton;
			productReference = 54FDCC441F6FA26F00FCAE49 /* SYPolygonButton.app */;
			productType = "com.apple.product-type.application";
		};
/* End PBXNativeTarget section */

/* Begin PBXProject section */
		54FDCC3C1F6FA26F00FCAE49 /* Project object */ = {
			isa = PBXProject;
			attributes = {
				LastSwiftUpdateCheck = 0830;
				LastUpgradeCheck = 0830;
				ORGANIZATIONNAME = "谷胜亚";
				TargetAttributes = {
					54FDCC431F6FA26F00FCAE49 = {
						CreatedOnToolsVersion = 8.3.2;
						DevelopmentTeam = 5M2AGBEF85;
						ProvisioningStyle = Automatic;
					};
				};
			};
			buildConfigurationList = 54FDCC3F1F6FA26F00FCAE49 /* Build configuration list for PBXProject "SYPolygonButton" */;
			compatibilityVersion = "Xcode 3.2";
			developmentRegion = English;
			hasScannedForEncodings = 0;
			knownRegions = (
				en,
				Base,
			);
			mainGroup = 54FDCC3B1F6FA26F00FCAE49;
			productRefGroup = 54FDCC451F6FA26F00FCAE49 /* Products */;
			projectDirPath = "";
			projectRoot = "";
			targets = (
				54FDCC431F6FA26F00FCAE49 /* SYPolygonButton */,
			);
		};
/* End PBXProject section */

/* Begin PBXResourcesBuildPhase section */
		54FDCC421F6FA26F00FCAE49 /* Resources */ = {
			isa = PBXResourcesBuildPhase;
			buildActionMask = 2147483647;
			files = (
				54FDCC5E1F6FA6F000FCAE49 /* zhbd_qq_icon.png in Resources */,
				54FDCC521F6FA26F00FCAE49 /* LaunchScreen.storyboard in Resources */,
				54FDCC5F1F6FA6F000FCAE49 /* zhbd_weibo_icon.png in Resources */,
				54FDCC4F1F6FA26F00FCAE49 /* Assets.xcassets in Resources */,
				54FDCC601F6FA6F000FCAE49 /* zhbd_weixin_icon.png in Resources */,
				54FDCC4D1F6FA26F00FCAE49 /* Main.storyboard in Resources */,
			);
			runOnlyForDeploymentPostprocessing = 0;
		};
/* End PBXResourcesBuildPhase section */

/* Begin PBXSourcesBuildPhase section */
		54FDCC401F6FA26F00FCAE49 /* Sources */ = {
			isa = PBXSourcesBuildPhase;
			buildActionMask = 2147483647;
			files = (
				54FDCC4A1F6FA26F00FCAE49 /* ViewController.swift in Sources */,
				54FDCC481F6FA26F00FCAE49 /* AppDelegate.swift in Sources */,
				54FDCC5A1F6FA2A400FCAE49 /* SYPolyponButton.swift in Sources */,
			);
			runOnlyForDeploymentPostprocessing = 0;
		};
/* End PBXSourcesBuildPhase section */

/* Begin PBXVariantGroup section */
		54FDCC4B1F6FA26F00FCAE49 /* Main.storyboard */ = {
			isa = PBXVariantGroup;
			children = (
				54FDCC4C1F6FA26F00FCAE49 /* Base */,
			);
			name = Main.storyboard;
			sourceTree = "<group>";
		};
		54FDCC501F6FA26F00FCAE49 /* LaunchScreen.storyboard */ = {
			isa = PBXVariantGroup;
			children = (
				54FDCC511F6FA26F00FCAE49 /* Base */,
			);
			name = LaunchScreen.storyboard;
			sourceTree = "<group>";
		};
/* End PBXVariantGroup section */

/* Begin XCBuildConfiguration section */
		54FDCC541F6FA26F00FCAE49 /* Debug */ = {
			isa = XCBuildConfiguration;
			buildSettings = {
				ALWAYS_SEARCH_USER_PATHS = NO;
				CLANG_ANALYZER_NONNULL = YES;
				CLANG_ANALYZER_NUMBER_OBJECT_CONVERSION = YES_AGGRESSIVE;
				CLANG_CXX_LANGUAGE_STANDARD = "gnu++0x";
				CLANG_CXX_LIBRARY = "libc++";
				CLANG_ENABLE_MODULES = YES;
				CLANG_ENABLE_OBJC_ARC = YES;
				CLANG_WARN_BOOL_CONVERSION = YES;
				CLANG_WARN_CONSTANT_CONVERSION = YES;
				CLANG_WARN_DIRECT_OBJC_ISA_USAGE = YES_ERROR;
				CLANG_WARN_DOCUMENTATION_COMMENTS = YES;
				CLANG_WARN_EMPTY_BODY = YES;
				CLANG_WARN_ENUM_CONVERSION = YES;
				CLANG_WARN_INFINITE_RECURSION = YES;
				CLANG_WARN_INT_CONVERSION = YES;
				CLANG_WARN_OBJC_ROOT_CLASS = YES_ERROR;
				CLANG_WARN_SUSPICIOUS_MOVE = YES;
				CLANG_WARN_UNREACHABLE_CODE = YES;
				CLANG_WARN__DUPLICATE_METHOD_MATCH = YES;
				"CODE_SIGN_IDENTITY[sdk=iphoneos*]" = "iPhone Developer";
				COPY_PHASE_STRIP = NO;
				DEBUG_INFORMATION_FORMAT = dwarf;
				ENABLE_STRICT_OBJC_MSGSEND = YES;
				ENABLE_TESTABILITY = YES;
				GCC_C_LANGUAGE_STANDARD = gnu99;
				GCC_DYNAMIC_NO_PIC = NO;
				GCC_NO_COMMON_BLOCKS = YES;
				GCC_OPTIMIZATION_LEVEL = 0;
				GCC_PREPROCESSOR_DEFINITIONS = (
					"DEBUG=1",
					"$(inherited)",
				);
				GCC_WARN_64_TO_32_BIT_CONVERSION = YES;
				GCC_WARN_ABOUT_RETURN_TYPE = YES_ERROR;
				GCC_WARN_UNDECLARED_SELECTOR = YES;
				GCC_WARN_UNINITIALIZED_AUTOS = YES_AGGRESSIVE;
				GCC_WARN_UNUSED_FUNCTION = YES;
				GCC_WARN_UNUSED_VARIABLE = YES;
				IPHONEOS_DEPLOYMENT_TARGET = 10.3;
				MTL_ENABLE_DEBUG_INFO = YES;
				ONLY_ACTIVE_ARCH = YES;
				SDKROOT = iphoneos;
				SWIFT_ACTIVE_COMPILATION_CONDITIONS = DEBUG;
				SWIFT_OPTIMIZATION_LEVEL = "-Onone";
				TARGETED_DEVICE_FAMILY = "1,2";
			};
			name = Debug;
		};
		54FDCC551F6FA26F00FCAE49 /* Release */ = {
			isa = XCBuildConfiguration;
			buildSettings = {
				ALWAYS_SEARCH_USER_PATHS = NO;
				CLANG_ANALYZER_NONNULL = YES;
				CLANG_ANALYZER_NUMBER_OBJECT_CONVERSION = YES_AGGRESSIVE;
				CLANG_CXX_LANGUAGE_STANDARD = "gnu++0x";
				CLANG_CXX_LIBRARY = "libc++";
				CLANG_ENABLE_MODULES = YES;
				CLANG_ENABLE_OBJC_ARC = YES;
				CLANG_WARN_BOOL_CONVERSION = YES;
				CLANG_WARN_CONSTANT_CONVERSION = YES;
				CLANG_WARN_DIRECT_OBJC_ISA_USAGE = YES_ERROR;
				CLANG_WARN_DOCUMENTATION_COMMENTS = YES;
				CLANG_WARN_EMPTY_BODY = YES;
				CLANG_WARN_ENUM_CONVERSION = YES;
				CLANG_WARN_INFINITE_RECURSION = YES;
				CLANG_WARN_INT_CONVERSION = YES;
				CLANG_WARN_OBJC_ROOT_CLASS = YES_ERROR;
				CLANG_WARN_SUSPICIOUS_MOVE = YES;
				CLANG_WARN_UNREACHABLE_CODE = YES;
				CLANG_WARN__DUPLICATE_METHOD_MATCH = YES;
				"CODE_SIGN_IDENTITY[sdk=iphoneos*]" = "iPhone Developer";
				COPY_PHASE_STRIP = NO;
				DEBUG_INFORMATION_FORMAT = "dwarf-with-dsym";
				ENABLE_NS_ASSERTIONS = NO;
				ENABLE_STRICT_OBJC_MSGSEND = YES;
				GCC_C_LANGUAGE_STANDARD = gnu99;
				GCC_NO_COMMON_BLOCKS = YES;
				GCC_WARN_64_TO_32_BIT_CONVERSION = YES;
				GCC_WARN_ABOUT_RETURN_TYPE = YES_ERROR;
				GCC_WARN_UNDECLARED_SELECTOR = YES;
				GCC_WARN_UNINITIALIZED_AUTOS = YES_AGGRESSIVE;
				GCC_WARN_UNUSED_FUNCTION = YES;
				GCC_WARN_UNUSED_VARIABLE = YES;
				IPHONEOS_DEPLOYMENT_TARGET = 10.3;
				MTL_ENABLE_DEBUG_INFO = NO;
				SDKROOT = iphoneos;
				SWIFT_OPTIMIZATION_LEVEL = "-Owholemodule";
				TARGETED_DEVICE_FAMILY = "1,2";
				VALIDATE_PRODUCT = YES;
			};
			name = Release;
		};
		54FDCC571F6FA26F00FCAE49 /* Debug */ = {
			isa = XCBuildConfiguration;
			buildSettings = {
				ASSETCATALOG_COMPILER_APPICON_NAME = AppIcon;
				DEVELOPMENT_TEAM = 5M2AGBEF85;
				INFOPLIST_FILE = SYPolygonButton/Info.plist;
				LD_RUNPATH_SEARCH_PATHS = "$(inherited) @executable_path/Frameworks";
				PRODUCT_BUNDLE_IDENTIFIER = com.gushengya.SYPolygonButton;
				PRODUCT_NAME = "$(TARGET_NAME)";
				SWIFT_VERSION = 3.0;
			};
			name = Debug;
		};
		54FDCC581F6FA26F00FCAE49 /* Release */ = {
			isa = XCBuildConfiguration;
			buildSettings = {
				ASSETCATALOG_COMPILER_APPICON_NAME = AppIcon;
				DEVELOPMENT_TEAM = 5M2AGBEF85;
				INFOPLIST_FILE = SYPolygonButton/Info.plist;
				LD_RUNPATH_SEARCH_PATHS = "$(inherited) @executable_path/Frameworks";
				PRODUCT_BUNDLE_IDENTIFIER = com.gushengya.SYPolygonButton;
				PRODUCT_NAME = "$(TARGET_NAME)";
				SWIFT_VERSION = 3.0;
			};
			name = Release;
		};
/* End XCBuildConfiguration section */

/* Begin XCConfigurationList section */
		54FDCC3F1F6FA26F00FCAE49 /* Build configuration list for PBXProject "SYPolygonButton" */ = {
			isa = XCConfigurationList;
			buildConfigurations = (
				54FDCC541F6FA26F00FCAE49 /* Debug */,
				54FDCC551F6FA26F00FCAE49 /* Release */,
			);
			defaultConfigurationIsVisible = 0;
			defaultConfigurationName = Release;
		};
		54FDCC561F6FA26F00FCAE49 /* Build configuration list for PBXNativeTarget "SYPolygonButton" */ = {
			isa = XCConfigurationList;
			buildConfigurations = (
				54FDCC571F6FA26F00FCAE49 /* Debug */,
				54FDCC581F6FA26F00FCAE49 /* Release */,
			);
			defaultConfigurationIsVisible = 0;
		};
/* End XCConfigurationList section */
	};
	rootObject = 54FDCC3C1F6FA26F00FCAE49 /* Project object */;
}
